
Microsoft Visual Studio Solution File, Format Version 12.00
# Visual Studio 2012
Project("{FAE04EC0-301F-11D3-BF4B-00C04F79EFBC}") = "MotionGestureRecognizers", "MotionGestureRecognizers\MotionGestureRecognizers.csproj", "{D2807084-C43D-4E5F-A5B6-9E1166E7EA91}"
EndProject
Global
	GlobalSection(SolutionConfigurationPlatforms) = preSolution
		Debug|Any CPU = Debug|Any CPU
		Release|Any CPU = Release|Any CPU
	EndGlobalSection
	GlobalSection(ProjectConfigurationPlatforms) = postSolution
		{D2807084-C43D-4E5F-A5B6-9E1166E7EA91}.Debug|Any CPU.ActiveCfg = Debug|Any CPU
		{D2807084-C43D-4E5F-A5B6-9E1166E7EA91}.Debug|Any CPU.Build.0 = Debug|Any CPU
		{D2807084-C43D-4E5F-A5B6-9E1166E7EA91}.Release|Any CPU.ActiveCfg = Release|Any CPU
		{D2807084-C43D-4E5F-A5B6-9E1166E7EA91}.Release|Any CPU.Build.0 = Release|Any CPU
	EndGlobalSection
	GlobalSection(SolutionProperties) = preSolution
		HideSolutionNode = FALSE
	EndGlobalSection
EndGlobal
